
Microsoft Visual Studio Solution File, Format Version 12.00
# Visual Studio Version 17
VisualStudioVersion = 17.5.33424.131
MinimumVisualStudioVersion = 10.0.40219.1
Project("{9A19103F-16F7-4668-BE54-9A1E7A4F7556}") = "backend", "backend\backend.csproj", "{D3679E5B-73AF-4AFB-BDAA-A8DE8EF83275}"
EndProject
Project("{9A19103F-16F7-4668-BE54-9A1E7A4F7556}") = "BusinessObject", "BusinessObject\BusinessObject.csproj", "{C7469F27-83A7-4577-9B36-7ADE1B074F80}"
EndProject
Project("{9A19103F-16F7-4668-BE54-9A1E7A4F7556}") = "DataAccess", "DataAccess\DataAccess.csproj", "{4EB5E231-B9DD-4847-92B7-D70BA056489D}"
EndProject
Project("{9A19103F-16F7-4668-BE54-9A1E7A4F7556}") = "DataTransfer", "DataTransfer\DataTransfer.csproj", "{DD28EFED-1253-45B6-82AA-EB72E56012E0}"
EndProject
Project("{9A19103F-16F7-4668-BE54-9A1E7A4F7556}") = "Repositories", "Repositories\Repositories.csproj", "{3013249C-23E9-477A-812B-BFABE891EA31}"
EndProject
Project("{FAE04EC0-301F-11D3-BF4B-00C04F79EFBC}") = "clients", "clients\clients.csproj", "{B1191349-501A-4D17-A834-C1A69F5FFF19}"
EndProject
Global
	GlobalSection(SolutionConfigurationPlatforms) = preSolution
		Debug|Any CPU = Debug|Any CPU
		Release|Any CPU = Release|Any CPU
	EndGlobalSection
	GlobalSection(ProjectConfigurationPlatforms) = postSolution
		{D3679E5B-73AF-4AFB-BDAA-A8DE8EF83275}.Debug|Any CPU.ActiveCfg = Debug|Any CPU
		{D3679E5B-73AF-4AFB-BDAA-A8DE8EF83275}.Debug|Any CPU.Build.0 = Debug|Any CPU
		{D3679E5B-73AF-4AFB-BDAA-A8DE8EF83275}.Release|Any CPU.ActiveCfg = Release|Any CPU
		{D3679E5B-73AF-4AFB-BDAA-A8DE8EF83275}.Release|Any CPU.Build.0 = Release|Any CPU
		{C7469F27-83A7-4577-9B36-7ADE1B074F80}.Debug|Any CPU.ActiveCfg = Debug|Any CPU
		{C7469F27-83A7-4577-9B36-7ADE1B074F80}.Debug|Any CPU.Build.0 = Debug|Any CPU
		{C7469F27-83A7-4577-9B36-7ADE1B074F80}.Release|Any CPU.ActiveCfg = Release|Any CPU
		{C7469F27-83A7-4577-9B36-7ADE1B074F80}.Release|Any CPU.Build.0 = Release|Any CPU
		{4EB5E231-B9DD-4847-92B7-D70BA056489D}.Debug|Any CPU.ActiveCfg = Debug|Any CPU
		{4EB5E231-B9DD-4847-92B7-D70BA056489D}.Debug|Any CPU.Build.0 = Debug|Any CPU
		{4EB5E231-B9DD-4847-92B7-D70BA056489D}.Release|Any CPU.ActiveCfg = Release|Any CPU
		{4EB5E231-B9DD-4847-92B7-D70BA056489D}.Release|Any CPU.Build.0 = Release|Any CPU
		{DD28EFED-1253-45B6-82AA-EB72E56012E0}.Debug|Any CPU.ActiveCfg = Debug|Any CPU
		{DD28EFED-1253-45B6-82AA-EB72E56012E0}.Debug|Any CPU.Build.0 = Debug|Any CPU
		{DD28EFED-1253-45B6-82AA-EB72E56012E0}.Release|Any CPU.ActiveCfg = Release|Any CPU
		{DD28EFED-1253-45B6-82AA-EB72E56012E0}.Release|Any CPU.Build.0 = Release|Any CPU
		{3013249C-23E9-477A-812B-BFABE891EA31}.Debug|Any CPU.ActiveCfg = Debug|Any CPU
		{3013249C-23E9-477A-812B-BFABE891EA31}.Debug|Any CPU.Build.0 = Debug|Any CPU
		{3013249C-23E9-477A-812B-BFABE891EA31}.Release|Any CPU.ActiveCfg = Release|Any CPU
		{3013249C-23E9-477A-812B-BFABE891EA31}.Release|Any CPU.Build.0 = Release|Any CPU
		{B1191349-501A-4D17-A834-C1A69F5FFF19}.Debug|Any CPU.ActiveCfg = Debug|Any CPU
		{B1191349-501A-4D17-A834-C1A69F5FFF19}.Debug|Any CPU.Build.0 = Debug|Any CPU
		{B1191349-501A-4D17-A834-C1A69F5FFF19}.Release|Any CPU.ActiveCfg = Release|Any CPU
		{B1191349-501A-4D17-A834-C1A69F5FFF19}.Release|Any CPU.Build.0 = Release|Any CPU
	EndGlobalSection
	GlobalSection(SolutionProperties) = preSolution
		HideSolutionNode = FALSE
	EndGlobalSection
	GlobalSection(ExtensibilityGlobals) = postSolution
		SolutionGuid = {FA08D16F-8E52-4C11-8A2A-2C53D65CACCF}
	EndGlobalSection
EndGlobal
